// !$*UTF8*$!
{
	archiveVersion = 1;
	classes = {
	};
	objectVersion = 50;
	objects = {

/* Begin PBXBuildFile section */
		CEADB2152574D01700649453 /* AppDelegate.swift in Sources */ = {isa = PBXBuildFile; fileRef = CEADB2142574D01700649453 /* AppDelegate.swift */; };
		CEADB2172574D01700649453 /* SceneDelegate.swift in Sources */ = {isa = PBXBuildFile; fileRef = CEADB2162574D01700649453 /* SceneDelegate.swift */; };
		CEADB2192574D01700649453 /* MoodSelectionViewController.swift in Sources */ = {isa = PBXBuildFile; fileRef = CEADB2182574D01700649453 /* MoodSelectionViewController.swift */; };
		CEADB21C2574D01700649453 /* Main.storyboard in Resources */ = {isa = PBXBuildFile; fileRef = CEADB21A2574D01700649453 /* Main.storyboard */; };
		CEADB21E2574D01800649453 /* Assets.xcassets in Resources */ = {isa = PBXBuildFile; fileRef = CEADB21D2574D01800649453 /* Assets.xcassets */; };
		CEADB2212574D01800649453 /* LaunchScreen.storyboard in Resources */ = {isa = PBXBuildFile; fileRef = CEADB21F2574D01800649453 /* LaunchScreen.storyboard */; };
		CEADB22C2574D01800649453 /* MandalaTests.swift in Sources */ = {isa = PBXBuildFile; fileRef = CEADB22B2574D01800649453 /* MandalaTests.swift */; };
		CEADB2372574D01900649453 /* MandalaUITests.swift in Sources */ = {isa = PBXBuildFile; fileRef = CEADB2362574D01900649453 /* MandalaUITests.swift */; };
		CEADB2482574D2EB00649453 /* Mood.swift in Sources */ = {isa = PBXBuildFile; fileRef = CEADB2472574D2EB00649453 /* Mood.swift */; };
		CEADB24D2574D36A00649453 /* MoodEntry.swift in Sources */ = {isa = PBXBuildFile; fileRef = CEADB24C2574D36A00649453 /* MoodEntry.swift */; };
		CEADB2522574D71700649453 /* UIColor+Mandala.swift in Sources */ = {isa = PBXBuildFile; fileRef = CEADB2512574D71700649453 /* UIColor+Mandala.swift */; };
		CEADB2572574D93E00649453 /* UIImage+Mandala.swift in Sources */ = {isa = PBXBuildFile; fileRef = CEADB2562574D93E00649453 /* UIImage+Mandala.swift */; };
		CEADB25F2574FE2E00649453 /* MoodListViewController.swift in Sources */ = {isa = PBXBuildFile; fileRef = CEADB25E2574FE2E00649453 /* MoodListViewController.swift */; };
		CEADB2672575075D00649453 /* MoodsConfigurable.swift in Sources */ = {isa = PBXBuildFile; fileRef = CEADB2662575075D00649453 /* MoodsConfigurable.swift */; };
		CEADB26C25751C9E00649453 /* ImageSelector.swift in Sources */ = {isa = PBXBuildFile; fileRef = CEADB26B25751C9E00649453 /* ImageSelector.swift */; };
/* End PBXBuildFile section */

/* Begin PBXContainerItemProxy section */
		CEADB2282574D01800649453 /* PBXContainerItemProxy */ = {
			isa = PBXContainerItemProxy;
			containerPortal = CEADB2092574D01700649453 /* Project object */;
			proxyType = 1;
			remoteGlobalIDString = CEADB2102574D01700649453;
			remoteInfo = Mandala;
		};
		CEADB2332574D01900649453 /* PBXContainerItemProxy */ = {
			isa = PBXContainerItemProxy;
			containerPortal = CEADB2092574D01700649453 /* Project object */;
			proxyType = 1;
			remoteGlobalIDString = CEADB2102574D01700649453;
			remoteInfo = Mandala;
		};
/* End PBXContainerItemProxy section */

/* Begin PBXFileReference section */
		CEADB2112574D01700649453 /* Mandala.app */ = {isa = PBXFileReference; explicitFileType = wrapper.application; includeInIndex = 0; path = Mandala.app; sourceTree = BUILT_PRODUCTS_DIR; };
		CEADB2142574D01700649453 /* AppDelegate.swift */ = {isa = PBXFileReference; lastKnownFileType = sourcecode.swift; path = AppDelegate.swift; sourceTree = "<group>"; };
		CEADB2162574D01700649453 /* SceneDelegate.swift */ = {isa = PBXFileReference; lastKnownFileType = sourcecode.swift; path = SceneDelegate.swift; sourceTree = "<group>"; };
		CEADB2182574D01700649453 /* MoodSelectionViewController.swift */ = {isa = PBXFileReference; lastKnownFileType = sourcecode.swift; path = MoodSelectionViewController.swift; sourceTree = "<group>"; };
		CEADB21B2574D01700649453 /* Base */ = {isa = PBXFileReference; lastKnownFileType = file.storyboard; name = Base; path = Base.lproj/Main.storyboard; sourceTree = "<group>"; };
		CEADB21D2574D01800649453 /* Assets.xcassets */ = {isa = PBXFileReference; lastKnownFileType = folder.assetcatalog; path = Assets.xcassets; sourceTree = "<group>"; };
		CEADB2202574D01800649453 /* Base */ = {isa = PBXFileReference; lastKnownFileType = file.storyboard; name = Base; path = Base.lproj/LaunchScreen.storyboard; sourceTree = "<group>"; };
		CEADB2222574D01800649453 /* Info.plist */ = {isa = PBXFileReference; lastKnownFileType = text.plist.xml; path = Info.plist; sourceTree = "<group>"; };
		CEADB2272574D01800649453 /* MandalaTests.xctest */ = {isa = PBXFileReference; explicitFileType = wrapper.cfbundle; includeInIndex = 0; path = MandalaTests.xctest; sourceTree = BUILT_PRODUCTS_DIR; };
		CEADB22B2574D01800649453 /* MandalaTests.swift */ = {isa = PBXFileReference; lastKnownFileType = sourcecode.swift; path = MandalaTests.swift; sourceTree = "<group>"; };
		CEADB22D2574D01800649453 /* Info.plist */ = {isa = PBXFileReference; lastKnownFileType = text.plist.xml; path = Info.plist; sourceTree = "<group>"; };
		CEADB2322574D01900649453 /* MandalaUITests.xctest */ = {isa = PBXFileReference; explicitFileType = wrapper.cfbundle; includeInIndex = 0; path = MandalaUITests.xctest; sourceTree = BUILT_PRODUCTS_DIR; };
		CEADB2362574D01900649453 /* MandalaUITests.swift */ = {isa = PBXFileReference; lastKnownFileType = sourcecode.swift; path = MandalaUITests.swift; sourceTree = "<group>"; };
		CEADB2382574D01900649453 /* Info.plist */ = {isa = PBXFileReference; lastKnownFileType = text.plist.xml; path = Info.plist; sourceTree = "<group>"; };
		CEADB2472574D2EB00649453 /* Mood.swift */ = {isa = PBXFileReference; lastKnownFileType = sourcecode.swift; path = Mood.swift; sourceTree = "<group>"; };
		CEADB24C2574D36A00649453 /* MoodEntry.swift */ = {isa = PBXFileReference; lastKnownFileType = sourcecode.swift; path = MoodEntry.swift; sourceTree = "<group>"; };
		CEADB2512574D71700649453 /* UIColor+Mandala.swift */ = {isa = PBXFileReference; lastKnownFileType = sourcecode.swift; path = "UIColor+Mandala.swift"; sourceTree = "<group>"; };
		CEADB2562574D93E00649453 /* UIImage+Mandala.swift */ = {isa = PBXFileReference; lastKnownFileType = sourcecode.swift; path = "UIImage+Mandala.swift"; sourceTree = "<group>"; };
		CEADB25E2574FE2E00649453 /* MoodListViewController.swift */ = {isa = PBXFileReference; lastKnownFileType = sourcecode.swift; path = MoodListViewController.swift; sourceTree = "<group>"; };
		CEADB2662575075D00649453 /* MoodsConfigurable.swift */ = {isa = PBXFileReference; lastKnownFileType = sourcecode.swift; path = MoodsConfigurable.swift; sourceTree = "<group>"; };
		CEADB26B25751C9E00649453 /* ImageSelector.swift */ = {isa = PBXFileReference; lastKnownFileType = sourcecode.swift; path = ImageSelector.swift; sourceTree = "<group>"; };
/* End PBXFileReference section */

/* Begin PBXFrameworksBuildPhase section */
		CEADB20E2574D01700649453 /* Frameworks */ = {
			isa = PBXFrameworksBuildPhase;
			buildActionMask = 2147483647;
			files = (
			);
			runOnlyForDeploymentPostprocessing = 0;
		};
		CEADB2242574D01800649453 /* Frameworks */ = {
			isa = PBXFrameworksBuildPhase;
			buildActionMask = 2147483647;
			files = (
			);
			runOnlyForDeploymentPostprocessing = 0;
		};
		CEADB22F2574D01900649453 /* Frameworks */ = {
			isa = PBXFrameworksBuildPhase;
			buildActionMask = 2147483647;
			files = (
			);
			runOnlyForDeploymentPostprocessing = 0;
		};
/* End PBXFrameworksBuildPhase section */

/* Begin PBXGroup section */
		CEADB2082574D01700649453 = {
			isa = PBXGroup;
			children = (
				CEADB2132574D01700649453 /* Mandala */,
				CEADB22A2574D01800649453 /* MandalaTests */,
				CEADB2352574D01900649453 /* MandalaUITests */,
				CEADB2122574D01700649453 /* Products */,
			);
			sourceTree = "<group>";
		};
		CEADB2122574D01700649453 /* Products */ = {
			isa = PBXGroup;
			children = (
				CEADB2112574D01700649453 /* Mandala.app */,
				CEADB2272574D01800649453 /* MandalaTests.xctest */,
				CEADB2322574D01900649453 /* MandalaUITests.xctest */,
			);
			name = Products;
			sourceTree = "<group>";
		};
		CEADB2132574D01700649453 /* Mandala */ = {
			isa = PBXGroup;
			children = (
				CEADB2142574D01700649453 /* AppDelegate.swift */,
				CEADB2162574D01700649453 /* SceneDelegate.swift */,
				CEADB2182574D01700649453 /* MoodSelectionViewController.swift */,
				CEADB21A2574D01700649453 /* Main.storyboard */,
				CEADB21D2574D01800649453 /* Assets.xcassets */,
				CEADB21F2574D01800649453 /* LaunchScreen.storyboard */,
				CEADB2222574D01800649453 /* Info.plist */,
				CEADB2472574D2EB00649453 /* Mood.swift */,
				CEADB24C2574D36A00649453 /* MoodEntry.swift */,
				CEADB2512574D71700649453 /* UIColor+Mandala.swift */,
				CEADB2562574D93E00649453 /* UIImage+Mandala.swift */,
				CEADB25E2574FE2E00649453 /* MoodListViewController.swift */,
				CEADB2662575075D00649453 /* MoodsConfigurable.swift */,
				CEADB26B25751C9E00649453 /* ImageSelector.swift */,
			);
			path = Mandala;
			sourceTree = "<group>";
		};
		CEADB22A2574D01800649453 /* MandalaTests */ = {
			isa = PBXGroup;
			children = (
				CEADB22B2574D01800649453 /* MandalaTests.swift */,
				CEADB22D2574D01800649453 /* Info.plist */,
			);
			path = MandalaTests;
			sourceTree = "<group>";
		};
		CEADB2352574D01900649453 /* MandalaUITests */ = {
			isa = PBXGroup;
			children = (
				CEADB2362574D01900649453 /* MandalaUITests.swift */,
				CEADB2382574D01900649453 /* Info.plist */,
			);
			path = MandalaUITests;
			sourceTree = "<group>";
		};
/* End PBXGroup section */

/* Begin PBXNativeTarget section */
		CEADB2102574D01700649453 /* Mandala */ = {
			isa = PBXNativeTarget;
			buildConfigurationList = CEADB23B2574D01900649453 /* Build configuration list for PBXNativeTarget "Mandala" */;
			buildPhases = (
				CEADB20D2574D01700649453 /* Sources */,
				CEADB20E2574D01700649453 /* Frameworks */,
				CEADB20F2574D01700649453 /* Resources */,
			);
			buildRules = (
			);
			dependencies = (
			);
			name = Mandala;
			productName = Mandala;
			productReference = CEADB2112574D01700649453 /* Mandala.app */;
			productType = "com.apple.product-type.application";
		};
		CEADB2262574D01800649453 /* MandalaTests */ = {
			isa = PBXNativeTarget;
			buildConfigurationList = CEADB23E2574D01900649453 /* Build configuration list for PBXNativeTarget "MandalaTests" */;
			buildPhases = (
				CEADB2232574D01800649453 /* Sources */,
				CEADB2242574D01800649453 /* Frameworks */,
				CEADB2252574D01800649453 /* Resources */,
			);
			buildRules = (
			);
			dependencies = (
				CEADB2292574D01800649453 /* PBXTargetDependency */,
			);
			name = MandalaTests;
			productName = MandalaTests;
			productReference = CEADB2272574D01800649453 /* MandalaTests.xctest */;
			productType = "com.apple.product-type.bundle.unit-test";
		};
		CEADB2312574D01900649453 /* MandalaUITests */ = {
			isa = PBXNativeTarget;
			buildConfigurationList = CEADB2412574D01900649453 /* Build configuration list for PBXNativeTarget "MandalaUITests" */;
			buildPhases = (
				CEADB22E2574D01900649453 /* Sources */,
				CEADB22F2574D01900649453 /* Frameworks */,
				CEADB2302574D01900649453 /* Resources */,
			);
			buildRules = (
			);
			dependencies = (
				CEADB2342574D01900649453 /* PBXTargetDependency */,
			);
			name = MandalaUITests;
			productName = MandalaUITests;
			productReference = CEADB2322574D01900649453 /* MandalaUITests.xctest */;
			productType = "com.apple.product-type.bundle.ui-testing";
		};
/* End PBXNativeTarget section */

/* Begin PBXProject section */
		CEADB2092574D01700649453 /* Project object */ = {
			isa = PBXProject;
			attributes = {
				LastSwiftUpdateCheck = 1220;
				LastUpgradeCheck = 1220;
				TargetAttributes = {
					CEADB2102574D01700649453 = {
						CreatedOnToolsVersion = 12.2;
					};
					CEADB2262574D01800649453 = {
						CreatedOnToolsVersion = 12.2;
						TestTargetID = CEADB2102574D01700649453;
					};
					CEADB2312574D01900649453 = {
						CreatedOnToolsVersion = 12.2;
						TestTargetID = CEADB2102574D01700649453;
					};
				};
			};
			buildConfigurationList = CEADB20C2574D01700649453 /* Build configuration list for PBXProject "Mandala" */;
			compatibilityVersion = "Xcode 9.3";
			developmentRegion = en;
			hasScannedForEncodings = 0;
			knownRegions = (
				en,
				Base,
			);
			mainGroup = CEADB2082574D01700649453;
			productRefGroup = CEADB2122574D01700649453 /* Products */;
			projectDirPath = "";
			projectRoot = "";
			targets = (
				CEADB2102574D01700649453 /* Mandala */,
				CEADB2262574D01800649453 /* MandalaTests */,
				CEADB2312574D01900649453 /* MandalaUITests */,
			);
		};
/* End PBXProject section */

/* Begin PBXResourcesBuildPhase section */
		CEADB20F2574D01700649453 /* Resources */ = {
			isa = PBXResourcesBuildPhase;
			buildActionMask = 2147483647;
			files = (
				CEADB2212574D01800649453 /* LaunchScreen.storyboard in Resources */,
				CEADB21E2574D01800649453 /* Assets.xcassets in Resources */,
				CEADB21C2574D01700649453 /* Main.storyboard in Resources */,
			);
			runOnlyForDeploymentPostprocessing = 0;
		};
		CEADB2252574D01800649453 /* Resources */ = {
			isa = PBXResourcesBuildPhase;
			buildActionMask = 2147483647;
			files = (
			);
			runOnlyForDeploymentPostprocessing = 0;
		};
		CEADB2302574D01900649453 /* Resources */ = {
			isa = PBXResourcesBuildPhase;
			buildActionMask = 2147483647;
			files = (
			);
			runOnlyForDeploymentPostprocessing = 0;
		};
/* End PBXResourcesBuildPhase section */

/* Begin PBXSourcesBuildPhase section */
		CEADB20D2574D01700649453 /* Sources */ = {
			isa = PBXSourcesBuildPhase;
			buildActionMask = 2147483647;
			files = (
				CEADB2482574D2EB00649453 /* Mood.swift in Sources */,
				CEADB25F2574FE2E00649453 /* MoodListViewController.swift in Sources */,
				CEADB2192574D01700649453 /* MoodSelectionViewController.swift in Sources */,
				CEADB24D2574D36A00649453 /* MoodEntry.swift in Sources */,
				CEADB2672575075D00649453 /* MoodsConfigurable.swift in Sources */,
				CEADB2152574D01700649453 /* AppDelegate.swift in Sources */,
				CEADB2522574D71700649453 /* UIColor+Mandala.swift in Sources */,
				CEADB2572574D93E00649453 /* UIImage+Mandala.swift in Sources */,
				CEADB26C25751C9E00649453 /* ImageSelector.swift in Sources */,
				CEADB2172574D01700649453 /* SceneDelegate.swift in Sources */,
			);
			runOnlyForDeploymentPostprocessing = 0;
		};
		CEADB2232574D01800649453 /* Sources */ = {
			isa = PBXSourcesBuildPhase;
			buildActionMask = 2147483647;
			files = (
				CEADB22C2574D01800649453 /* MandalaTests.swift in Sources */,
			);
			runOnlyForDeploymentPostprocessing = 0;
		};
		CEADB22E2574D01900649453 /* Sources */ = {
			isa = PBXSourcesBuildPhase;
			buildActionMask = 2147483647;
			files = (
				CEADB2372574D01900649453 /* MandalaUITests.swift in Sources */,
			);
			runOnlyForDeploymentPostprocessing = 0;
		};
/* End PBXSourcesBuildPhase section */

/* Begin PBXTargetDependency section */
		CEADB2292574D01800649453 /* PBXTargetDependency */ = {
			isa = PBXTargetDependency;
			target = CEADB2102574D01700649453 /* Mandala */;
			targetProxy = CEADB2282574D01800649453 /* PBXContainerItemProxy */;
		};
		CEADB2342574D01900649453 /* PBXTargetDependency */ = {
			isa = PBXTargetDependency;
			target = CEADB2102574D01700649453 /* Mandala */;
			targetProxy = CEADB2332574D01900649453 /* PBXContainerItemProxy */;
		};
/* End PBXTargetDependency section */

/* Begin PBXVariantGroup section */
		CEADB21A2574D01700649453 /* Main.storyboard */ = {
			isa = PBXVariantGroup;
			children = (
				CEADB21B2574D01700649453 /* Base */,
			);
			name = Main.storyboard;
			sourceTree = "<group>";
		};
		CEADB21F2574D01800649453 /* LaunchScreen.storyboard */ = {
			isa = PBXVariantGroup;
			children = (
				CEADB2202574D01800649453 /* Base */,
			);
			name = LaunchScreen.storyboard;
			sourceTree = "<group>";
		};
/* End PBXVariantGroup section */

/* Begin XCBuildConfiguration section */
		CEADB2392574D01900649453 /* Debug */ = {
			isa = XCBuildConfiguration;
			buildSettings = {
				ALWAYS_SEARCH_USER_PATHS = NO;
				CLANG_ANALYZER_NONNULL = YES;
				CLANG_ANALYZER_NUMBER_OBJECT_CONVERSION = YES_AGGRESSIVE;
				CLANG_CXX_LANGUAGE_STANDARD = "gnu++14";
				CLANG_CXX_LIBRARY = "libc++";
				CLANG_ENABLE_MODULES = YES;
				CLANG_ENABLE_OBJC_ARC = YES;
				CLANG_ENABLE_OBJC_WEAK = YES;
				CLANG_WARN_BLOCK_CAPTURE_AUTORELEASING = YES;
				CLANG_WARN_BOOL_CONVERSION = YES;
				CLANG_WARN_COMMA = YES;
				CLANG_WARN_CONSTANT_CONVERSION = YES;
				CLANG_WARN_DEPRECATED_OBJC_IMPLEMENTATIONS = YES;
				CLANG_WARN_DIRECT_OBJC_ISA_USAGE = YES_ERROR;
				CLANG_WARN_DOCUMENTATION_COMMENTS = YES;
				CLANG_WARN_EMPTY_BODY = YES;
				CLANG_WARN_ENUM_CONVERSION = YES;
				CLANG_WARN_INFINITE_RECURSION = YES;
				CLANG_WARN_INT_CONVERSION = YES;
				CLANG_WARN_NON_LITERAL_NULL_CONVERSION = YES;
				CLANG_WARN_OBJC_IMPLICIT_RETAIN_SELF = YES;
				CLANG_WARN_OBJC_LITERAL_CONVERSION = YES;
				CLANG_WARN_OBJC_ROOT_CLASS = YES_ERROR;
				CLANG_WARN_QUOTED_INCLUDE_IN_FRAMEWORK_HEADER = YES;
				CLANG_WARN_RANGE_LOOP_ANALYSIS = YES;
				CLANG_WARN_STRICT_PROTOTYPES = YES;
				CLANG_WARN_SUSPICIOUS_MOVE = YES;
				CLANG_WARN_UNGUARDED_AVAILABILITY = YES_AGGRESSIVE;
				CLANG_WARN_UNREACHABLE_CODE = YES;
				CLANG_WARN__DUPLICATE_METHOD_MATCH = YES;
				COPY_PHASE_STRIP = NO;
				DEBUG_INFORMATION_FORMAT = dwarf;
				ENABLE_STRICT_OBJC_MSGSEND = YES;
				ENABLE_TESTABILITY = YES;
				GCC_C_LANGUAGE_STANDARD = gnu11;
				GCC_DYNAMIC_NO_PIC = NO;
				GCC_NO_COMMON_BLOCKS = YES;
				GCC_OPTIMIZATION_LEVEL = 0;
				GCC_PREPROCESSOR_DEFINITIONS = (
					"DEBUG=1",
					"$(inherited)",
				);
				GCC_WARN_64_TO_32_BIT_CONVERSION = YES;
				GCC_WARN_ABOUT_RETURN_TYPE = YES_ERROR;
				GCC_WARN_UNDECLARED_SELECTOR = YES;
				GCC_WARN_UNINITIALIZED_AUTOS = YES_AGGRESSIVE;
				GCC_WARN_UNUSED_FUNCTION = YES;
				GCC_WARN_UNUSED_VARIABLE = YES;
				IPHONEOS_DEPLOYMENT_TARGET = 14.2;
				MTL_ENABLE_DEBUG_INFO = INCLUDE_SOURCE;
				MTL_FAST_MATH = YES;
				ONLY_ACTIVE_ARCH = YES;
				SDKROOT = iphoneos;
				SWIFT_ACTIVE_COMPILATION_CONDITIONS = DEBUG;
				SWIFT_OPTIMIZATION_LEVEL = "-Onone";
			};
			name = Debug;
		};
		CEADB23A2574D01900649453 /* Release */ = {
			isa = XCBuildConfiguration;
			buildSettings = {
				ALWAYS_SEARCH_USER_PATHS = NO;
				CLANG_ANALYZER_NONNULL = YES;
				CLANG_ANALYZER_NUMBER_OBJECT_CONVERSION = YES_AGGRESSIVE;
				CLANG_CXX_LANGUAGE_STANDARD = "gnu++14";
				CLANG_CXX_LIBRARY = "libc++";
				CLANG_ENABLE_MODULES = YES;
				CLANG_ENABLE_OBJC_ARC = YES;
				CLANG_ENABLE_OBJC_WEAK = YES;
				CLANG_WARN_BLOCK_CAPTURE_AUTORELEASING = YES;
				CLANG_WARN_BOOL_CONVERSION = YES;
				CLANG_WARN_COMMA = YES;
				CLANG_WARN_CONSTANT_CONVERSION = YES;
				CLANG_WARN_DEPRECATED_OBJC_IMPLEMENTATIONS = YES;
				CLANG_WARN_DIRECT_OBJC_ISA_USAGE = YES_ERROR;
				CLANG_WARN_DOCUMENTATION_COMMENTS = YES;
				CLANG_WARN_EMPTY_BODY = YES;
				CLANG_WARN_ENUM_CONVERSION = YES;
				CLANG_WARN_INFINITE_RECURSION = YES;
				CLANG_WARN_INT_CONVERSION = YES;
				CLANG_WARN_NON_LITERAL_NULL_CONVERSION = YES;
				CLANG_WARN_OBJC_IMPLICIT_RETAIN_SELF = YES;
				CLANG_WARN_OBJC_LITERAL_CONVERSION = YES;
				CLANG_WARN_OBJC_ROOT_CLASS = YES_ERROR;
				CLANG_WARN_QUOTED_INCLUDE_IN_FRAMEWORK_HEADER = YES;
				CLANG_WARN_RANGE_LOOP_ANALYSIS = YES;
				CLANG_WARN_STRICT_PROTOTYPES = YES;
				CLANG_WARN_SUSPICIOUS_MOVE = YES;
				CLANG_WARN_UNGUARDED_AVAILABILITY = YES_AGGRESSIVE;
				CLANG_WARN_UNREACHABLE_CODE = YES;
				CLANG_WARN__DUPLICATE_METHOD_MATCH = YES;
				COPY_PHASE_STRIP = NO;
				DEBUG_INFORMATION_FORMAT = "dwarf-with-dsym";
				ENABLE_NS_ASSERTIONS = NO;
				ENABLE_STRICT_OBJC_MSGSEND = YES;
				GCC_C_LANGUAGE_STANDARD = gnu11;
				GCC_NO_COMMON_BLOCKS = YES;
				GCC_WARN_64_TO_32_BIT_CONVERSION = YES;
				GCC_WARN_ABOUT_RETURN_TYPE = YES_ERROR;
				GCC_WARN_UNDECLARED_SELECTOR = YES;
				GCC_WARN_UNINITIALIZED_AUTOS = YES_AGGRESSIVE;
				GCC_WARN_UNUSED_FUNCTION = YES;
				GCC_WARN_UNUSED_VARIABLE = YES;
				IPHONEOS_DEPLOYMENT_TARGET = 14.2;
				MTL_ENABLE_DEBUG_INFO = NO;
				MTL_FAST_MATH = YES;
				SDKROOT = iphoneos;
				SWIFT_COMPILATION_MODE = wholemodule;
				SWIFT_OPTIMIZATION_LEVEL = "-O";
				VALIDATE_PRODUCT = YES;
			};
			name = Release;
		};
		CEADB23C2574D01900649453 /* Debug */ = {
			isa = XCBuildConfiguration;
			buildSettings = {
				ASSETCATALOG_COMPILER_APPICON_NAME = AppIcon;
				ASSETCATALOG_COMPILER_GLOBAL_ACCENT_COLOR_NAME = AccentColor;
				CODE_SIGN_STYLE = Automatic;
				INFOPLIST_FILE = Mandala/Info.plist;
				LD_RUNPATH_SEARCH_PATHS = (
					"$(inherited)",
					"@executable_path/Frameworks",
				);
				PRODUCT_BUNDLE_IDENTIFIER = nadyaka.Mandala;
				PRODUCT_NAME = "$(TARGET_NAME)";
				SWIFT_VERSION = 5.0;
				TARGETED_DEVICE_FAMILY = "1,2";
			};
			name = Debug;
		};
		CEADB23D2574D01900649453 /* Release */ = {
			isa = XCBuildConfiguration;
			buildSettings = {
				ASSETCATALOG_COMPILER_APPICON_NAME = AppIcon;
				ASSETCATALOG_COMPILER_GLOBAL_ACCENT_COLOR_NAME = AccentColor;
				CODE_SIGN_STYLE = Automatic;
				INFOPLIST_FILE = Mandala/Info.plist;
				LD_RUNPATH_SEARCH_PATHS = (
					"$(inherited)",
					"@executable_path/Frameworks",
				);
				PRODUCT_BUNDLE_IDENTIFIER = nadyaka.Mandala;
				PRODUCT_NAME = "$(TARGET_NAME)";
				SWIFT_VERSION = 5.0;
				TARGETED_DEVICE_FAMILY = "1,2";
			};
			name = Release;
		};
		CEADB23F2574D01900649453 /* Debug */ = {
			isa = XCBuildConfiguration;
			buildSettings = {
				ALWAYS_EMBED_SWIFT_STANDARD_LIBRARIES = YES;
				BUNDLE_LOADER = "$(TEST_HOST)";
				CODE_SIGN_STYLE = Automatic;
				INFOPLIST_FILE = MandalaTests/Info.plist;
				IPHONEOS_DEPLOYMENT_TARGET = 14.2;
				LD_RUNPATH_SEARCH_PATHS = (
					"$(inherited)",
					"@executable_path/Frameworks",
					"@loader_path/Frameworks",
				);
				PRODUCT_BUNDLE_IDENTIFIER = nadyaka.MandalaTests;
				PRODUCT_NAME = "$(TARGET_NAME)";
				SWIFT_VERSION = 5.0;
				TARGETED_DEVICE_FAMILY = "1,2";
				TEST_HOST = "$(BUILT_PRODUCTS_DIR)/Mandala.app/Mandala";
			};
			name = Debug;
		};
		CEADB2402574D01900649453 /* Release */ = {
			isa = XCBuildConfiguration;
			buildSettings = {
				ALWAYS_EMBED_SWIFT_STANDARD_LIBRARIES = YES;
				BUNDLE_LOADER = "$(TEST_HOST)";
				CODE_SIGN_STYLE = Automatic;
				INFOPLIST_FILE = MandalaTests/Info.plist;
				IPHONEOS_DEPLOYMENT_TARGET = 14.2;
				LD_RUNPATH_SEARCH_PATHS = (
					"$(inherited)",
					"@executable_path/Frameworks",
					"@loader_path/Frameworks",
				);
				PRODUCT_BUNDLE_IDENTIFIER = nadyaka.MandalaTests;
				PRODUCT_NAME = "$(TARGET_NAME)";
				SWIFT_VERSION = 5.0;
				TARGETED_DEVICE_FAMILY = "1,2";
				TEST_HOST = "$(BUILT_PRODUCTS_DIR)/Mandala.app/Mandala";
			};
			name = Release;
		};
		CEADB2422574D01900649453 /* Debug */ = {
			isa = XCBuildConfiguration;
			buildSettings = {
				ALWAYS_EMBED_SWIFT_STANDARD_LIBRARIES = YES;
				CODE_SIGN_STYLE = Automatic;
				INFOPLIST_FILE = MandalaUITests/Info.plist;
				LD_RUNPATH_SEARCH_PATHS = (
					"$(inherited)",
					"@executable_path/Frameworks",
					"@loader_path/Frameworks",
				);
				PRODUCT_BUNDLE_IDENTIFIER = nadyaka.MandalaUITests;
				PRODUCT_NAME = "$(TARGET_NAME)";
				SWIFT_VERSION = 5.0;
				TARGETED_DEVICE_FAMILY = "1,2";
				TEST_TARGET_NAME = Mandala;
			};
			name = Debug;
		};
		CEADB2432574D01900649453 /* Release */ = {
			isa = XCBuildConfiguration;
			buildSettings = {
				ALWAYS_EMBED_SWIFT_STANDARD_LIBRARIES = YES;
				CODE_SIGN_STYLE = Automatic;
				INFOPLIST_FILE = MandalaUITests/Info.plist;
				LD_RUNPATH_SEARCH_PATHS = (
					"$(inherited)",
					"@executable_path/Frameworks",
					"@loader_path/Frameworks",
				);
				PRODUCT_BUNDLE_IDENTIFIER = nadyaka.MandalaUITests;
				PRODUCT_NAME = "$(TARGET_NAME)";
				SWIFT_VERSION = 5.0;
				TARGETED_DEVICE_FAMILY = "1,2";
				TEST_TARGET_NAME = Mandala;
			};
			name = Release;
		};
/* End XCBuildConfiguration section */

/* Begin XCConfigurationList section */
		CEADB20C2574D01700649453 /* Build configuration list for PBXProject "Mandala" */ = {
			isa = XCConfigurationList;
			buildConfigurations = (
				CEADB2392574D01900649453 /* Debug */,
				CEADB23A2574D01900649453 /* Release */,
			);
			defaultConfigurationIsVisible = 0;
			defaultConfigurationName = Release;
		};
		CEADB23B2574D01900649453 /* Build configuration list for PBXNativeTarget "Mandala" */ = {
			isa = XCConfigurationList;
			buildConfigurations = (
				CEADB23C2574D01900649453 /* Debug */,
				CEADB23D2574D01900649453 /* Release */,
			);
			defaultConfigurationIsVisible = 0;
			defaultConfigurationName = Release;
		};
		CEADB23E2574D01900649453 /* Build configuration list for PBXNativeTarget "MandalaTests" */ = {
			isa = XCConfigurationList;
			buildConfigurations = (
				CEADB23F2574D01900649453 /* Debug */,
				CEADB2402574D01900649453 /* Release */,
			);
			defaultConfigurationIsVisible = 0;
			defaultConfigurationName = Release;
		};
		CEADB2412574D01900649453 /* Build configuration list for PBXNativeTarget "MandalaUITests" */ = {
			isa = XCConfigurationList;
			buildConfigurations = (
				CEADB2422574D01900649453 /* Debug */,
				CEADB2432574D01900649453 /* Release */,
			);
			defaultConfigurationIsVisible = 0;
			defaultConfigurationName = Release;
		};
/* End XCConfigurationList section */
	};
	rootObject = CEADB2092574D01700649453 /* Project object */;
}
